Microsoft Visual Studio Solution File, Format Version 12.00
# Visual Studio Version 17
VisualStudioVersion = 17.5.2.0
MinimumVisualStudioVersion = 10.0.40219.1
Project("{FAE04EC0-301F-11D3-BF4B-00C04F79EFBC}") = "sarc", "sarc.csproj", "{8C153CC8-0609-CF52-8911-5B057BA2419D}"
EndProject
Global
	GlobalSection(SolutionConfigurationPlatforms) = preSolution
		Debug|Any CPU = Debug|Any CPU
		Release|Any CPU = Release|Any CPU
	EndGlobalSection
	GlobalSection(ProjectConfigurationPlatforms) = postSolution
		{8C153CC8-0609-CF52-8911-5B057BA2419D}.Debug|Any CPU.ActiveCfg = Debug|Any CPU
		{8C153CC8-0609-CF52-8911-5B057BA2419D}.Debug|Any CPU.Build.0 = Debug|Any CPU
		{8C153CC8-0609-CF52-8911-5B057BA2419D}.Release|Any CPU.ActiveCfg = Release|Any CPU
		{8C153CC8-0609-CF52-8911-5B057BA2419D}.Release|Any CPU.Build.0 = Release|Any CPU
	EndGlobalSection
	GlobalSection(SolutionProperties) = preSolution
		HideSolutionNode = FALSE
	EndGlobalSection
	GlobalSection(ExtensibilityGlobals) = postSolution
		SolutionGuid = {0E692ADF-0820-4791-A992-212770EE47FE}
	EndGlobalSection
EndGlobal
